
Microsoft Visual Studio Solution File, Format Version 12.00
# Visual Studio Version 17
VisualStudioVersion = 17.14.37710.0 d17.14
MinimumVisualStudioVersion = 10.0.40219.1
Project("{FAE04EC0-301F-11D3-BF4B-00C04F79EFBC}") = "lab2", "lab2\lab2.csproj", "{DA8814A9-82CF-461D-8F9B-F2B67B0A0502}"
EndProject
Global
	GlobalSection(SolutionConfigurationPlatforms) = preSolution
		Debug|Any CPU = Debug|Any CPU
		Release|Any CPU = Release|Any CPU
	EndGlobalSection
	GlobalSection(ProjectConfigurationPlatforms) = postSolution
		{DA8814A9-82CF-461D-8F9B-F2B67B0A0502}.Debug|Any CPU.ActiveCfg = Debug|Any CPU
		{DA8814A9-82CF-461D-8F9B-F2B67B0A0502}.Debug|Any CPU.Build.0 = Debug|Any CPU
		{DA8814A9-82CF-461D-8F9B-F2B67B0A0502}.Release|Any CPU.ActiveCfg = Release|Any CPU
		{DA8814A9-82CF-461D-8F9B-F2B67B0A0502}.Release|Any CPU.Build.0 = Release|Any CPU
	EndGlobalSection
	GlobalSection(SolutionProperties) = preSolution
		HideSolutionNode = FALSE
	EndGlobalSection
	GlobalSection(ExtensibilityGlobals) = postSolution
		SolutionGuid = {3938C030-C84E-4C6A-97AD-843EEC238B9A}
	EndGlobalSection
EndGlobal
